<?xml version="1.0" encoding="utf-8"?>
<Project ToolsVersion="4.0" xmlns="http://schemas.microsoft.com/developer/msbuild/2003">
  <ItemGroup>
    <Filter Include="Source Files">
      <UniqueIdentifier>{4FC737F1-C7A5-4376-A066-2A32D752A2FF}</UniqueIdentifier>
      <Extensions>cpp;c;cc;cxx;def;odl;idl;hpj;bat;asm;asmx</Extensions>
    </Filter>
    <Filter Include="Header Files">
      <UniqueIdentifier>{93995380-89BD-4b04-88EB-625FBE52EBFB}</UniqueIdentifier>
      <Extensions>h;hh;hpp;hxx;hm;inl;inc;xsd</Extensions>
    </Filter>
    <Filter Include="Resource Files">
      <UniqueIdentifier>{67DA6AB6-F800-4c08-8B7A-83BB121AAD01}</UniqueIdentifier>
      <Extensions>rc;ico;cur;bmp;dlg;rc2;rct;bin;rgs;gif;jpg;jpeg;jpe;resx;tiff;tif;png;wav;mfcribbon-ms</Extensions>
    </Filter>
    <Filter Include="Header Files\Renderer">
      <UniqueIdentifier>{06e06ee7-a971-42b2-ba07-c02be9e3195a}</UniqueIdentifier>
    </Filter>
    <Filter Include="Header Files\Simulator">
      <UniqueIdentifier>{23bd4475-1229-40a1-b166-6a6546579446}</UniqueIdentifier>
    </Filter>
    <Filter Include="Source Files\Renderer">
      <UniqueIdentifier>{cf023e44-21d5-4bb9-92bf-75a04e75c05f}</UniqueIdentifier>
    </Filter>
    <Filter Include="Source Files\Simulator">
      <UniqueIdentifier>{399d73bf-bfdd-48ad-ad4e-a872360467a4}</UniqueIdentifier>
    </Filter>
<<<<<<< HEAD
    <Filter Include="Source Files\shaders">
      <UniqueIdentifier>{8f621ac0-87a1-4931-a78e-eecd0dd2dd6c}</UniqueIdentifier>
=======
    <Filter Include="Source Files\Shader">
      <UniqueIdentifier>{76676562-2f0c-480e-9414-0d47e303a13b}</UniqueIdentifier>
>>>>>>> fbba43c26db5ba5a382c74ee3fd48a0b2e88f57c
    </Filter>
  </ItemGroup>
  <ItemGroup>
    <None Include="packages.config" />
    <None Include="..\Readme.md">
      <Filter>Resource Files</Filter>
    </None>
    <None Include="ClassDiagram.cd" />
    <None Include="config.json">
      <Filter>Resource Files</Filter>
    </None>
    <None Include="shaders\particle.frag">
<<<<<<< HEAD
      <Filter>Source Files\shaders</Filter>
    </None>
    <None Include="shaders\particle.vert">
      <Filter>Source Files\shaders</Filter>
    </None>
    <None Include="shaders\scene.frag">
      <Filter>Source Files\shaders</Filter>
    </None>
    <None Include="shaders\scene.vert">
      <Filter>Source Files\shaders</Filter>
=======
      <Filter>Source Files\Shader</Filter>
    </None>
    <None Include="shaders\particle.vert">
      <Filter>Source Files\Shader</Filter>
    </None>
    <None Include="shaders\scene.frag">
      <Filter>Source Files\Shader</Filter>
    </None>
    <None Include="shaders\scene.vert">
      <Filter>Source Files\Shader</Filter>
>>>>>>> fbba43c26db5ba5a382c74ee3fd48a0b2e88f57c
    </None>
  </ItemGroup>
  <ItemGroup>
    <ClInclude Include="Kernel.h">
      <Filter>Header Files\Simulator</Filter>
    </ClInclude>
    <ClInclude Include="ParticleSet.h">
      <Filter>Header Files\Simulator</Filter>
    </ClInclude>
    <ClInclude Include="Simulator.h">
      <Filter>Header Files\Simulator</Filter>
    </ClInclude>
    <ClInclude Include="Renderer.h">
      <Filter>Header Files\Renderer</Filter>
    </ClInclude>
    <ClInclude Include="Shader.h">
      <Filter>Header Files\Renderer</Filter>
    </ClInclude>
    <ClInclude Include="Scene.h">
      <Filter>Header Files</Filter>
    </ClInclude>
    <ClInclude Include="System.h">
      <Filter>Header Files</Filter>
    </ClInclude>
    <ClInclude Include="Window.h">
      <Filter>Header Files</Filter>
    </ClInclude>
    <ClInclude Include="Types.h">
      <Filter>Header Files</Filter>
    </ClInclude>
    <ClInclude Include="Camera.h">
      <Filter>Header Files</Filter>
    </ClInclude>
  </ItemGroup>
  <ItemGroup>
    <ClCompile Include="Kernel.cpp">
      <Filter>Source Files\Simulator</Filter>
    </ClCompile>
    <ClCompile Include="ParticleSet.cpp">
      <Filter>Source Files\Simulator</Filter>
    </ClCompile>
    <ClCompile Include="Simulator.cpp">
      <Filter>Source Files\Simulator</Filter>
    </ClCompile>
    <ClCompile Include="Renderer.cpp">
      <Filter>Source Files\Renderer</Filter>
    </ClCompile>
    <ClCompile Include="Shader.cpp">
      <Filter>Source Files\Renderer</Filter>
    </ClCompile>
    <ClCompile Include="System.cpp">
      <Filter>Source Files</Filter>
    </ClCompile>
    <ClCompile Include="Window.cpp">
      <Filter>Source Files</Filter>
    </ClCompile>
    <ClCompile Include="main.cpp">
      <Filter>Source Files</Filter>
    </ClCompile>
    <ClCompile Include="Scene.cpp">
      <Filter>Source Files</Filter>
    </ClCompile>
    <ClCompile Include="Camera.cpp">
      <Filter>Source Files</Filter>
    </ClCompile>
  </ItemGroup>
</Project>