<?xml version="1.0" encoding="utf-8"?>
<Project ToolsVersion="4.0" xmlns="http://schemas.microsoft.com/developer/msbuild/2003">
  <ItemGroup>
    <ClCompile Include="Camera.cpp">
      <Filter>source\Renderer</Filter>
    </ClCompile>
    <ClCompile Include="main.cpp">
      <Filter>source</Filter>
    </ClCompile>
    <ClCompile Include="ParticleSet.cpp">
      <Filter>source\Simulator</Filter>
    </ClCompile>
    <ClCompile Include="Renderer.cpp">
      <Filter>source\Renderer</Filter>
    </ClCompile>
    <ClCompile Include="Scene.cpp">
      <Filter>source</Filter>
    </ClCompile>
    <ClCompile Include="Shader.cpp">
      <Filter>source\Renderer</Filter>
    </ClCompile>
    <ClCompile Include="Simulator.cpp">
      <Filter>source\Simulator</Filter>
    </ClCompile>
    <ClCompile Include="System.cpp">
      <Filter>source</Filter>
    </ClCompile>
    <ClCompile Include="Window.cpp">
      <Filter>source</Filter>
    </ClCompile>
    <ClCompile Include="Grid.cpp">
      <Filter>source\Simulator</Filter>
    </ClCompile>
    <ClCompile Include="OctTree.cpp">
      <Filter>source\Renderer</Filter>
    </ClCompile>
    <ClCompile Include="MarchingCube.cpp">
      <Filter>source\Renderer</Filter>
    </ClCompile>
  </ItemGroup>
  <ItemGroup>
    <ClInclude Include="Kernel.h">
      <Filter>include\Simulator</Filter>
    </ClInclude>
    <ClInclude Include="ParticleSet.h">
      <Filter>include\Simulator</Filter>
    </ClInclude>
    <ClInclude Include="Scene.h">
      <Filter>include</Filter>
    </ClInclude>
    <ClInclude Include="Shader.h">
      <Filter>include\Renderer</Filter>
    </ClInclude>
    <ClInclude Include="Renderer.h">
      <Filter>include\Renderer</Filter>
    </ClInclude>
    <ClInclude Include="Camera.h">
      <Filter>include\Renderer</Filter>
    </ClInclude>
    <ClInclude Include="Simulator.h">
      <Filter>include\Simulator</Filter>
    </ClInclude>
    <ClInclude Include="System.h">
      <Filter>include</Filter>
    </ClInclude>
    <ClInclude Include="Types.h">
      <Filter>include</Filter>
    </ClInclude>
    <ClInclude Include="Window.h">
      <Filter>include</Filter>
    </ClInclude>
    <ClInclude Include="Grid.h">
      <Filter>include\Simulator</Filter>
    </ClInclude>
    <ClInclude Include="MarchingCube.h">
      <Filter>include\Renderer</Filter>
    </ClInclude>
    <ClInclude Include="OctTree.h">
      <Filter>include\Renderer</Filter>
    </ClInclude>
	<ClInclude Include="utils.h">
      <Filter>include</Filter>
    </ClInclude>
  </ItemGroup>
  <ItemGroup>
    <None Include="..\Readme.md" />
    <None Include="ClassDiagram.cd" />
    <None Include="packages.config" />
    <None Include="config.json">
      <Filter>config</Filter>
    </None>
    <None Include="shaders\particle.frag">
      <Filter>source\shaders</Filter>
    </None>
    <None Include="shaders\particle.vert">
      <Filter>source\shaders</Filter>
    </None>
    <None Include="shaders\scene.frag">
      <Filter>source\shaders</Filter>
    </None>
    <None Include="shaders\scene.vert">
      <Filter>source\shaders</Filter>
    </None>
  </ItemGroup>
  <ItemGroup>
    <Filter Include="source">
      <UniqueIdentifier>{38808289-e6c5-43bd-80a6-e92fddfac53c}</UniqueIdentifier>
    </Filter>
    <Filter Include="include">
      <UniqueIdentifier>{56acae71-ed50-441b-ae54-d3545cbfab3e}</UniqueIdentifier>
    </Filter>
    <Filter Include="include\Simulator">
      <UniqueIdentifier>{d8d0f7b1-1cf0-4487-ade8-eeea05e6da9a}</UniqueIdentifier>
    </Filter>
    <Filter Include="include\Renderer">
      <UniqueIdentifier>{25ce901b-6161-4c8a-810b-7aa2f5a7fe66}</UniqueIdentifier>
    </Filter>
    <Filter Include="source\Renderer">
      <UniqueIdentifier>{4e99cf43-8113-4f6c-8e8e-730d9bd7b12c}</UniqueIdentifier>
    </Filter>
    <Filter Include="source\Simulator">
      <UniqueIdentifier>{47fe9325-776c-4b71-a227-1a09ce03011e}</UniqueIdentifier>
    </Filter>
    <Filter Include="source\shaders">
      <UniqueIdentifier>{bb8d1f5a-c6e7-4e63-9782-f0b451f4a3ba}</UniqueIdentifier>
    </Filter>
    <Filter Include="config">
      <UniqueIdentifier>{cc85a35a-c1b4-4b1f-8eac-bb715a939306}</UniqueIdentifier>
    </Filter>
  </ItemGroup>
</Project>